{
  "name": "orders-factory",
  "version": "1.0.0",
  "lockfileVersion": 3,
  "requires": true,
  "packages": {
    "": {
      "name": "orders-factory",
      "version": "1.0.0",
      "license": "ISC",
      "dependencies": {
        "@faker-js/faker": "^9.5.0",
        "faker": "^6.6.6",
        "kafkajs": "^2.2.4"
      }
    },
    "node_modules/@faker-js/faker": {
      "version": "9.5.0",
      "resolved": "https://registry.npmjs.org/@faker-js/faker/-/faker-9.5.0.tgz",
      "integrity": "sha512-3qbjLv+fzuuCg3umxc9/7YjrEXNaKwHgmig949nfyaTx8eL4FAsvFbu+1JcFUj1YAXofhaDn6JdEUBTYuk0Ssw==",
      "funding": [
        {
          "type": "opencollective",
          "url": "https://opencollective.com/fakerjs"
        }
      ],
      "engines": {
        "node": ">=18.0.0",
        "npm": ">=9.0.0"
      }
    },
    "node_modules/faker": {
      "version": "6.6.6",
      "resolved": "https://registry.npmjs.org/faker/-/faker-6.6.6.tgz",
      "integrity": "sha512-9tCqYEDHI5RYFQigXFwF1hnCwcWCOJl/hmll0lr5D2Ljjb0o4wphb69wikeJDz5qCEzXCoPvG6ss5SDP6IfOdg=="
    },
    "node_modules/kafkajs": {
      "version": "2.2.4",
      "resolved": "https://registry.npmjs.org/kafkajs/-/kafkajs-2.2.4.tgz",
      "integrity": "sha512-j/YeapB1vfPT2iOIUn/vxdyKEuhuY2PxMBvf5JWux6iSaukAccrMtXEY/Lb7OvavDhOWME589bpLrEdnVHjfjA==",
      "engines": {
        "node": ">=14.0.0"
      }
    }
  }
}
